{
  "name": "architecture-explorations",
  "version": "1.0.0",
  "lockfileVersion": 1,
  "requires": true,
  "dependencies": {
    "fp-ts": {
      "version": "2.13.1",
      "resolved": "https://registry.npmjs.org/fp-ts/-/fp-ts-2.13.1.tgz",
      "integrity": "sha512-0eu5ULPS2c/jsa1lGFneEFFEdTbembJv8e4QKXeVJ3lm/5hyve06dlKZrpxmMwJt6rYen7sxmHHK2CLaXvWuWQ=="
    },
    "io-ts": {
      "version": "2.2.19",
      "resolved": "https://registry.npmjs.org/io-ts/-/io-ts-2.2.19.tgz",
      "integrity": "sha512-ED0GQwvKRr5C2jqOOJCkuJW2clnbzqFexQ8V7Qsb+VB36S1Mk/OKH7k0FjSe4mjKy9qBRA3OqgVGyFMUEKIubw=="
    }
  }
}
